
Microsoft Visual Studio Solution File, Format Version 12.00
# Visual Studio Version 17
VisualStudioVersion = 17.5.33516.290
MinimumVisualStudioVersion = 10.0.40219.1
Project("{FAE04EC0-301F-11D3-BF4B-00C04F79EFBC}") = "virtual_MAP_windows", "virtual_MAP_windows.csproj", "{1BC04D94-197A-4CEE-A326-3C2CB2FBBB20}"
EndProject
Global
	GlobalSection(SolutionConfigurationPlatforms) = preSolution
		Debug|Any CPU = Debug|Any CPU
		Release|Any CPU = Release|Any CPU
	EndGlobalSection
	GlobalSection(ProjectConfigurationPlatforms) = postSolution
		{1BC04D94-197A-4CEE-A326-3C2CB2FBBB20}.Debug|Any CPU.ActiveCfg = Debug|Any CPU
		{1BC04D94-197A-4CEE-A326-3C2CB2FBBB20}.Debug|Any CPU.Build.0 = Debug|Any CPU
		{1BC04D94-197A-4CEE-A326-3C2CB2FBBB20}.Release|Any CPU.ActiveCfg = Release|Any CPU
		{1BC04D94-197A-4CEE-A326-3C2CB2FBBB20}.Release|Any CPU.Build.0 = Release|Any CPU
	EndGlobalSection
	GlobalSection(SolutionProperties) = preSolution
		HideSolutionNode = FALSE
	EndGlobalSection
	GlobalSection(ExtensibilityGlobals) = postSolution
		SolutionGuid = {D4970586-45EB-4CC5-85D1-CC89EAD2E100}
	EndGlobalSection
EndGlobal
